
Microsoft Visual Studio Solution File, Format Version 12.00
# Visual Studio 15
VisualStudioVersion = 15.0.28307.329
MinimumVisualStudioVersion = 10.0.40219.1
Project("{9A19103F-16F7-4668-BE54-9A1E7A4F7556}") = "MTRSerial", "MTRSerial\MTRSerial.csproj", "{74243A46-8164-4D80-BE1D-276FFB0D17EC}"
EndProject
Project("{FAE04EC0-301F-11D3-BF4B-00C04F79EFBC}") = "MiniEmitResults", "..\MiniEmitResults\MiniEmitResults\MiniEmitResults.csproj", "{C0523116-F306-4F02-9416-CA6E57CB54DA}"
EndProject
Global
	GlobalSection(SolutionConfigurationPlatforms) = preSolution
		Debug|Any CPU = Debug|Any CPU
		Release|Any CPU = Release|Any CPU
	EndGlobalSection
	GlobalSection(ProjectConfigurationPlatforms) = postSolution
		{74243A46-8164-4D80-BE1D-276FFB0D17EC}.Debug|Any CPU.ActiveCfg = Debug|Any CPU
		{74243A46-8164-4D80-BE1D-276FFB0D17EC}.Debug|Any CPU.Build.0 = Debug|Any CPU
		{74243A46-8164-4D80-BE1D-276FFB0D17EC}.Release|Any CPU.ActiveCfg = Release|Any CPU
		{74243A46-8164-4D80-BE1D-276FFB0D17EC}.Release|Any CPU.Build.0 = Release|Any CPU
		{C0523116-F306-4F02-9416-CA6E57CB54DA}.Debug|Any CPU.ActiveCfg = Debug|Any CPU
		{C0523116-F306-4F02-9416-CA6E57CB54DA}.Debug|Any CPU.Build.0 = Debug|Any CPU
		{C0523116-F306-4F02-9416-CA6E57CB54DA}.Release|Any CPU.ActiveCfg = Release|Any CPU
		{C0523116-F306-4F02-9416-CA6E57CB54DA}.Release|Any CPU.Build.0 = Release|Any CPU
	EndGlobalSection
	GlobalSection(SolutionProperties) = preSolution
		HideSolutionNode = FALSE
	EndGlobalSection
	GlobalSection(ExtensibilityGlobals) = postSolution
		SolutionGuid = {CE97E3B7-5FC0-4B63-B058-F5F1D3EC6F12}
	EndGlobalSection
EndGlobal
